<?xml version="1.0" encoding="utf-8"?>
<Project ToolsVersion="4.0" xmlns="http://schemas.microsoft.com/developer/msbuild/2003">
  <ItemGroup>
    <ClCompile Include="main.cpp" />
    <ClCompile Include="OpenGL\Shader.cpp" />
    <ClCompile Include="Object.cpp" />
    <ClCompile Include="Camera.cpp" />
    <ClCompile Include="Game.cpp" />
    <ClCompile Include="Input.cpp" />
    <ClCompile Include="Time.cpp" />
    <ClCompile Include="Blocks\Block.cpp" />
    <ClCompile Include="World.cpp" />
    <ClCompile Include="Chunk.cpp" />
    <ClCompile Include="Blocks\Dirt.cpp" />
  </ItemGroup>
  <ItemGroup>
    <ClInclude Include="OpenGL\Shader.h" />
    <ClInclude Include="Object.h" />
    <ClInclude Include="Camera.h" />
    <ClInclude Include="Game.h" />
    <ClInclude Include="Input.h" />
    <ClInclude Include="GameObject.h" />
    <ClInclude Include="Time.h" />
    <ClInclude Include="Blocks\Block.h" />
    <ClInclude Include="World.h" />
    <ClInclude Include="Chunk.h" />
    <ClInclude Include="Blocks\Dirt.h" />
    <ClInclude Include="Blocks\BlocksData.h" />
  </ItemGroup>
  <ItemGroup>
    <Text Include="CMakeLists.txt" />
  </ItemGroup>
  <ItemGroup>
    <None Include="Resources\Shaders\Vertex\DefaultVertex.vert" />
    <None Include="Resources\Shaders\Fragment\DefaultFragment.frag" />
  </ItemGroup>
  <ItemGroup>
    <Image Include="Resources\Atlas\Terrain.png" />
  </ItemGroup>
</Project>